
Microsoft Visual Studio Solution File, Format Version 12.00
# Visual Studio 15
VisualStudioVersion = 15.0.28010.2050
MinimumVisualStudioVersion = 10.0.40219.1
Project("{2150E333-8FDC-42A3-9474-1A3956D46DE8}") = "Data", "Data", "{12B48A3E-DA34-415F-BCCC-393EA385B22C}"
EndProject
Project("{2150E333-8FDC-42A3-9474-1A3956D46DE8}") = "Services", "Services", "{84A933EE-313A-41B0-833A-02137E07DA04}"
EndProject
Project("{2150E333-8FDC-42A3-9474-1A3956D46DE8}") = "Web", "Web", "{C14AF70F-423E-4E5A-89BD-3E130AB78394}"
EndProject
Project("{9A19103F-16F7-4668-BE54-9A1E7A4F7556}") = "Biob.Services.Data", "Biob.Services.Data\Biob.Services.Data.csproj", "{57281F18-D5C2-4778-BE6F-4232E5899852}"
EndProject
Project("{9A19103F-16F7-4668-BE54-9A1E7A4F7556}") = "Biob.Services.Web", "Biob.Services.Web\Biob.Services.Web.csproj", "{B1CEE18A-F290-42C1-9E7C-611133236DC8}"
EndProject
Project("{9A19103F-16F7-4668-BE54-9A1E7A4F7556}") = "Biob.Data.Data", "Biob.Data.Data\Biob.Data.Data.csproj", "{CB8229E6-5FEB-449A-934C-A021625B2A03}"
EndProject
Project("{9A19103F-16F7-4668-BE54-9A1E7A4F7556}") = "Biob.Data.Models", "Biob.Data.Models\Biob.Data.Models.csproj", "{D356FCB4-44AA-4DDB-90ED-26AF85B6D5A0}"
EndProject
Project("{9A19103F-16F7-4668-BE54-9A1E7A4F7556}") = "Biob.Data.Common", "Biob.Data.Common\Biob.Data.Common.csproj", "{9E3A3210-F76C-40F8-9D8F-823A11F798AB}"
EndProject
Project("{2150E333-8FDC-42A3-9474-1A3956D46DE8}") = "identity", "identity", "{02AC0FDE-D42C-4FF1-BB26-D645711315CE}"
EndProject
Project("{9A19103F-16F7-4668-BE54-9A1E7A4F7556}") = "Biob.Identity", "Biob.Identity\Biob.Identity.csproj", "{3F4723AA-4918-4DAB-A1DC-E4CA45497ED5}"
EndProject
Project("{9A19103F-16F7-4668-BE54-9A1E7A4F7556}") = "Biob.Web.Client", "Biob.Web.Client\Biob.Web.Client.csproj", "{1E2ADF74-F73E-42A3-8565-C2E8978D3394}"
EndProject
Project("{9A19103F-16F7-4668-BE54-9A1E7A4F7556}") = "Biob.Web.Api", "Biob.Web.Api\Biob.Web.Api.csproj", "{D08ED577-32AC-44AB-A715-65F3241FB3FB}"
EndProject
Global
	GlobalSection(SolutionConfigurationPlatforms) = preSolution
		Debug|Any CPU = Debug|Any CPU
		Release|Any CPU = Release|Any CPU
	EndGlobalSection
	GlobalSection(ProjectConfigurationPlatforms) = postSolution
		{57281F18-D5C2-4778-BE6F-4232E5899852}.Debug|Any CPU.ActiveCfg = Debug|Any CPU
		{57281F18-D5C2-4778-BE6F-4232E5899852}.Debug|Any CPU.Build.0 = Debug|Any CPU
		{57281F18-D5C2-4778-BE6F-4232E5899852}.Release|Any CPU.ActiveCfg = Release|Any CPU
		{57281F18-D5C2-4778-BE6F-4232E5899852}.Release|Any CPU.Build.0 = Release|Any CPU
		{B1CEE18A-F290-42C1-9E7C-611133236DC8}.Debug|Any CPU.ActiveCfg = Debug|Any CPU
		{B1CEE18A-F290-42C1-9E7C-611133236DC8}.Debug|Any CPU.Build.0 = Debug|Any CPU
		{B1CEE18A-F290-42C1-9E7C-611133236DC8}.Release|Any CPU.ActiveCfg = Release|Any CPU
		{B1CEE18A-F290-42C1-9E7C-611133236DC8}.Release|Any CPU.Build.0 = Release|Any CPU
		{CB8229E6-5FEB-449A-934C-A021625B2A03}.Debug|Any CPU.ActiveCfg = Debug|Any CPU
		{CB8229E6-5FEB-449A-934C-A021625B2A03}.Debug|Any CPU.Build.0 = Debug|Any CPU
		{CB8229E6-5FEB-449A-934C-A021625B2A03}.Release|Any CPU.ActiveCfg = Release|Any CPU
		{CB8229E6-5FEB-449A-934C-A021625B2A03}.Release|Any CPU.Build.0 = Release|Any CPU
		{D356FCB4-44AA-4DDB-90ED-26AF85B6D5A0}.Debug|Any CPU.ActiveCfg = Debug|Any CPU
		{D356FCB4-44AA-4DDB-90ED-26AF85B6D5A0}.Debug|Any CPU.Build.0 = Debug|Any CPU
		{D356FCB4-44AA-4DDB-90ED-26AF85B6D5A0}.Release|Any CPU.ActiveCfg = Release|Any CPU
		{D356FCB4-44AA-4DDB-90ED-26AF85B6D5A0}.Release|Any CPU.Build.0 = Release|Any CPU
		{9E3A3210-F76C-40F8-9D8F-823A11F798AB}.Debug|Any CPU.ActiveCfg = Debug|Any CPU
		{9E3A3210-F76C-40F8-9D8F-823A11F798AB}.Debug|Any CPU.Build.0 = Debug|Any CPU
		{9E3A3210-F76C-40F8-9D8F-823A11F798AB}.Release|Any CPU.ActiveCfg = Release|Any CPU
		{9E3A3210-F76C-40F8-9D8F-823A11F798AB}.Release|Any CPU.Build.0 = Release|Any CPU
		{3F4723AA-4918-4DAB-A1DC-E4CA45497ED5}.Debug|Any CPU.ActiveCfg = Debug|Any CPU
		{3F4723AA-4918-4DAB-A1DC-E4CA45497ED5}.Debug|Any CPU.Build.0 = Debug|Any CPU
		{3F4723AA-4918-4DAB-A1DC-E4CA45497ED5}.Release|Any CPU.ActiveCfg = Release|Any CPU
		{3F4723AA-4918-4DAB-A1DC-E4CA45497ED5}.Release|Any CPU.Build.0 = Release|Any CPU
		{1E2ADF74-F73E-42A3-8565-C2E8978D3394}.Debug|Any CPU.ActiveCfg = Debug|Any CPU
		{1E2ADF74-F73E-42A3-8565-C2E8978D3394}.Debug|Any CPU.Build.0 = Debug|Any CPU
		{1E2ADF74-F73E-42A3-8565-C2E8978D3394}.Release|Any CPU.ActiveCfg = Release|Any CPU
		{1E2ADF74-F73E-42A3-8565-C2E8978D3394}.Release|Any CPU.Build.0 = Release|Any CPU
		{D08ED577-32AC-44AB-A715-65F3241FB3FB}.Debug|Any CPU.ActiveCfg = Debug|Any CPU
		{D08ED577-32AC-44AB-A715-65F3241FB3FB}.Debug|Any CPU.Build.0 = Debug|Any CPU
		{D08ED577-32AC-44AB-A715-65F3241FB3FB}.Release|Any CPU.ActiveCfg = Release|Any CPU
		{D08ED577-32AC-44AB-A715-65F3241FB3FB}.Release|Any CPU.Build.0 = Release|Any CPU
	EndGlobalSection
	GlobalSection(SolutionProperties) = preSolution
		HideSolutionNode = FALSE
	EndGlobalSection
	GlobalSection(NestedProjects) = preSolution
		{57281F18-D5C2-4778-BE6F-4232E5899852} = {84A933EE-313A-41B0-833A-02137E07DA04}
		{B1CEE18A-F290-42C1-9E7C-611133236DC8} = {84A933EE-313A-41B0-833A-02137E07DA04}
		{CB8229E6-5FEB-449A-934C-A021625B2A03} = {12B48A3E-DA34-415F-BCCC-393EA385B22C}
		{D356FCB4-44AA-4DDB-90ED-26AF85B6D5A0} = {12B48A3E-DA34-415F-BCCC-393EA385B22C}
		{9E3A3210-F76C-40F8-9D8F-823A11F798AB} = {12B48A3E-DA34-415F-BCCC-393EA385B22C}
		{3F4723AA-4918-4DAB-A1DC-E4CA45497ED5} = {02AC0FDE-D42C-4FF1-BB26-D645711315CE}
		{1E2ADF74-F73E-42A3-8565-C2E8978D3394} = {C14AF70F-423E-4E5A-89BD-3E130AB78394}
		{D08ED577-32AC-44AB-A715-65F3241FB3FB} = {C14AF70F-423E-4E5A-89BD-3E130AB78394}
	EndGlobalSection
	GlobalSection(ExtensibilityGlobals) = postSolution
		SolutionGuid = {13AAA65D-6B44-4DF3-8043-8E13705CB2CB}
	EndGlobalSection
EndGlobal
